PODS:
  - Alamofire (2.0.2)
  - BXProgressHUD (1.0.1)
  - EAIntroView (2.7.4):
    - EARestrictedScrollView (~> 0.2.0)
  - EARestrictedScrollView (0.2.0)
  - PNChart (0.8.7):
    - UICountingLabel (~> 1.2.0)
  - SCLAlertView-Objective-C (0.7.7)
  - SDWebImage (3.7.3):
    - SDWebImage/Core (= 3.7.3)
  - SDWebImage/Core (3.7.3)
  - SwiftyJSON (2.3.0)
  - UICountingLabel (1.2.0)

DEPENDENCIES:
  - Alamofire (~> 2.0)
  - BXProgressHUD
  - EAIntroView (~> 2.7.0)
  - PNChart
  - SCLAlertView-Objective-C
  - SDWebImage (~> 3.7)
  - SwiftyJSON (from `https://github.com/SwiftyJSON/SwiftyJSON.git`)
  - UICountingLabel

EXTERNAL SOURCES:
  SwiftyJSON:
    :git: https://github.com/SwiftyJSON/SwiftyJSON.git

CHECKOUT OPTIONS:
  SwiftyJSON:
    :commit: 3b5d0d4e0c19173b1bf0dc823bde25ad870f70c0
    :git: https://github.com/SwiftyJSON/SwiftyJSON.git

SPEC CHECKSUMS:
  Alamofire: 8edbab00802a752bb5240cc2abe70e7e881488ad
  BXProgressHUD: 879f7d96d812c9943500fe0e0770258bb80369e0
  EAIntroView: 50b85eedf414260e61330070ffe5947e72493a62
  EARestrictedScrollView: f86d61e16c61d3e93c84f8e96e83122a2a3b7631
  PNChart: c1755716bbd45386d2035b2bf2ce73e6d3f8cb22
  SCLAlertView-Objective-C: 062808b4664add2d38d44b7867267985a02267ad
  SDWebImage: 1d2b1a1efda1ade1b00b6f8498865f8ddedc8a84
  SwiftyJSON: 8d6b61a70277ef2a5d710d372e06e7e2d87fb9e4
  UICountingLabel: 1db4e7d023e1762171eb226d6dff47a7a84f27aa

COCOAPODS: 0.39.0
